
Microsoft Visual Studio Solution File, Format Version 12.00
# Visual Studio Version 16
VisualStudioVersion = 16.0.34114.132
MinimumVisualStudioVersion = 10.0.40219.1
Project("{FAE04EC0-301F-11D3-BF4B-00C04F79EFBC}") = "Vernyomas", "Vernyomas\Vernyomas.csproj", "{F6447CA7-E10E-4FE4-A76B-EFC525121485}"
EndProject
Global
	GlobalSection(SolutionConfigurationPlatforms) = preSolution
		Debug|Any CPU = Debug|Any CPU
		Release|Any CPU = Release|Any CPU
	EndGlobalSection
	GlobalSection(ProjectConfigurationPlatforms) = postSolution
		{F6447CA7-E10E-4FE4-A76B-EFC525121485}.Debug|Any CPU.ActiveCfg = Debug|Any CPU
		{F6447CA7-E10E-4FE4-A76B-EFC525121485}.Debug|Any CPU.Build.0 = Debug|Any CPU
		{F6447CA7-E10E-4FE4-A76B-EFC525121485}.Release|Any CPU.ActiveCfg = Release|Any CPU
		{F6447CA7-E10E-4FE4-A76B-EFC525121485}.Release|Any CPU.Build.0 = Release|Any CPU
	EndGlobalSection
	GlobalSection(SolutionProperties) = preSolution
		HideSolutionNode = FALSE
	EndGlobalSection
	GlobalSection(ExtensibilityGlobals) = postSolution
		SolutionGuid = {41924D73-C5FB-4B73-9B62-9191DE52941E}
	EndGlobalSection
EndGlobal
